
Microsoft Visual Studio Solution File, Format Version 12.00
# Visual Studio Version 16
VisualStudioVersion = 25.0.1706.9
MinimumVisualStudioVersion = 10.0.40219.1
Project("{FAE04EC0-301F-11D3-BF4B-00C04F79EFBC}") = "GymHubApp", "GymHubApp\GymHubApp.csproj", "{73A3D244-CCAC-4544-A720-CDF8AE3B7359}"
EndProject
Global
	GlobalSection(SolutionConfigurationPlatforms) = preSolution
		Debug|Any CPU = Debug|Any CPU
		Release|Any CPU = Release|Any CPU
	EndGlobalSection
	GlobalSection(ProjectConfigurationPlatforms) = postSolution
		{73A3D244-CCAC-4544-A720-CDF8AE3B7359}.Debug|Any CPU.ActiveCfg = Debug|Any CPU
		{73A3D244-CCAC-4544-A720-CDF8AE3B7359}.Debug|Any CPU.Build.0 = Debug|Any CPU
		{73A3D244-CCAC-4544-A720-CDF8AE3B7359}.Release|Any CPU.ActiveCfg = Release|Any CPU
		{73A3D244-CCAC-4544-A720-CDF8AE3B7359}.Release|Any CPU.Build.0 = Release|Any CPU
	EndGlobalSection
	GlobalSection(SolutionProperties) = preSolution
		HideSolutionNode = FALSE
	EndGlobalSection
	GlobalSection(ExtensibilityGlobals) = postSolution
		SolutionGuid = {540C661D-7F3D-463A-ACC2-EBFC2321E14F}
	EndGlobalSection
EndGlobal
